
Microsoft Visual Studio Solution File, Format Version 12.00
# Visual Studio Version 16
VisualStudioVersion = 16.0.31424.327
MinimumVisualStudioVersion = 10.0.40219.1
Project("{FAE04EC0-301F-11D3-BF4B-00C04F79EFBC}") = "RevsiedUI", "RevsiedUI\RevsiedUI.csproj", "{DC5200CB-2957-4415-969B-FC205C3BDC39}"
EndProject
Project("{FAE04EC0-301F-11D3-BF4B-00C04F79EFBC}") = "RevisedDL", "RevisedDL\RevisedDL.csproj", "{2CEE89EC-DED2-4100-895C-9D835E779F8C}"
EndProject
Project("{FAE04EC0-301F-11D3-BF4B-00C04F79EFBC}") = "RevisedDTO", "RevisedDTO\RevisedDTO.csproj", "{823E5C2F-C4F3-4D90-84B6-A2F17326E0EF}"
EndProject
Project("{FAE04EC0-301F-11D3-BF4B-00C04F79EFBC}") = "RevisedBL", "RevisedBL\RevisedBL.csproj", "{1FC1AEC3-CA16-43B6-9486-DCF6C4EEEFB9}"
EndProject
Global
	GlobalSection(SolutionConfigurationPlatforms) = preSolution
		Debug|Any CPU = Debug|Any CPU
		Release|Any CPU = Release|Any CPU
	EndGlobalSection
	GlobalSection(ProjectConfigurationPlatforms) = postSolution
		{DC5200CB-2957-4415-969B-FC205C3BDC39}.Debug|Any CPU.ActiveCfg = Debug|Any CPU
		{DC5200CB-2957-4415-969B-FC205C3BDC39}.Debug|Any CPU.Build.0 = Debug|Any CPU
		{DC5200CB-2957-4415-969B-FC205C3BDC39}.Release|Any CPU.ActiveCfg = Release|Any CPU
		{DC5200CB-2957-4415-969B-FC205C3BDC39}.Release|Any CPU.Build.0 = Release|Any CPU
		{2CEE89EC-DED2-4100-895C-9D835E779F8C}.Debug|Any CPU.ActiveCfg = Debug|Any CPU
		{2CEE89EC-DED2-4100-895C-9D835E779F8C}.Debug|Any CPU.Build.0 = Debug|Any CPU
		{2CEE89EC-DED2-4100-895C-9D835E779F8C}.Release|Any CPU.ActiveCfg = Release|Any CPU
		{2CEE89EC-DED2-4100-895C-9D835E779F8C}.Release|Any CPU.Build.0 = Release|Any CPU
		{823E5C2F-C4F3-4D90-84B6-A2F17326E0EF}.Debug|Any CPU.ActiveCfg = Debug|Any CPU
		{823E5C2F-C4F3-4D90-84B6-A2F17326E0EF}.Debug|Any CPU.Build.0 = Debug|Any CPU
		{823E5C2F-C4F3-4D90-84B6-A2F17326E0EF}.Release|Any CPU.ActiveCfg = Release|Any CPU
		{823E5C2F-C4F3-4D90-84B6-A2F17326E0EF}.Release|Any CPU.Build.0 = Release|Any CPU
		{1FC1AEC3-CA16-43B6-9486-DCF6C4EEEFB9}.Debug|Any CPU.ActiveCfg = Debug|Any CPU
		{1FC1AEC3-CA16-43B6-9486-DCF6C4EEEFB9}.Debug|Any CPU.Build.0 = Debug|Any CPU
		{1FC1AEC3-CA16-43B6-9486-DCF6C4EEEFB9}.Release|Any CPU.ActiveCfg = Release|Any CPU
		{1FC1AEC3-CA16-43B6-9486-DCF6C4EEEFB9}.Release|Any CPU.Build.0 = Release|Any CPU
	EndGlobalSection
	GlobalSection(SolutionProperties) = preSolution
		HideSolutionNode = FALSE
	EndGlobalSection
	GlobalSection(ExtensibilityGlobals) = postSolution
		SolutionGuid = {D3F17FE7-B6D8-4026-9D93-8FAF0327B508}
	EndGlobalSection
EndGlobal
